# This file is automatically @generated by Cargo.
# It is not intended for manual editing.
version = 4

[[package]]
name = "backtest"
version = "0.1.0"
dependencies = [
 "lob",
]

[[package]]
name = "bench"
version = "0.1.0"
dependencies = [
 "lob",
 "wire",
]

[[package]]
name = "lob"
version = "0.1.0"

[[package]]
name = "replay"
version = "0.1.0"
dependencies = [
 "lob",
 "wire",
]

[[package]]
name = "viz"
version = "0.1.0"
dependencies = [
 "backtest",
 "lob",
]

[[package]]
name = "wire"
version = "0.1.0"
dependencies = [
 "lob",
]
